// !$*UTF8*$!
{
	archiveVersion = 1;
	classes = {
	};
	objectVersion = 55;
	objects = {

/* Begin PBXBuildFile section */
		01C081CF26AB090600AE84CE /* MovieLensRecommender.mlmodel in Sources */ = {isa = PBXBuildFile; fileRef = 01C081CE26AB090600AE84CE /* MovieLensRecommender.mlmodel */; };
		01C081D126AB0AED00AE84CE /* Recommender.swift in Sources */ = {isa = PBXBuildFile; fileRef = 01C081D026AB0AED00AE84CE /* Recommender.swift */; };
		01DF67C926A6756800A274AD /* main.swift in Sources */ = {isa = PBXBuildFile; fileRef = 01DF67C826A6756800A274AD /* main.swift */; };
		01DF67D026A6757400A274AD /* Db2Handler.swift in Sources */ = {isa = PBXBuildFile; fileRef = 01DF67CF26A6757400A274AD /* Db2Handler.swift */; };
		01DF67D226A6761B00A274AD /* SSLTrustingURLSession.swift in Sources */ = {isa = PBXBuildFile; fileRef = 01DF67D126A6761B00A274AD /* SSLTrustingURLSession.swift */; };
		01DF67D426A6770E00A274AD /* Tables.swift in Sources */ = {isa = PBXBuildFile; fileRef = 01DF67D326A6770E00A274AD /* Tables.swift */; };
		01DF67D626A6800600A274AD /* RoutesBuilder+Async.swift in Sources */ = {isa = PBXBuildFile; fileRef = 01DF67D526A6800600A274AD /* RoutesBuilder+Async.swift */; };
		01DF67D926A6805C00A274AD /* Vapor in Frameworks */ = {isa = PBXBuildFile; productRef = 01DF67D826A6805C00A274AD /* Vapor */; };
		01DF67DB26A6827100A274AD /* MovieContent.swift in Sources */ = {isa = PBXBuildFile; fileRef = 01DF67DA26A6827100A274AD /* MovieContent.swift */; };
		01DF67DD26A6864A00A274AD /* ValueReference.swift in Sources */ = {isa = PBXBuildFile; fileRef = 01DF67DC26A6864A00A274AD /* ValueReference.swift */; };
		01DF67DF26A6865B00A274AD /* WebSocket+Async.swift in Sources */ = {isa = PBXBuildFile; fileRef = 01DF67DE26A6865B00A274AD /* WebSocket+Async.swift */; };
/* End PBXBuildFile section */

/* Begin PBXCopyFilesBuildPhase section */
		01DF67C326A6756800A274AD /* CopyFiles */ = {
			isa = PBXCopyFilesBuildPhase;
			buildActionMask = 2147483647;
			dstPath = /usr/share/man/man1/;
			dstSubfolderSpec = 0;
			files = (
			);
			runOnlyForDeploymentPostprocessing = 1;
		};
/* End PBXCopyFilesBuildPhase section */

/* Begin PBXFileReference section */
		01C081CE26AB090600AE84CE /* MovieLensRecommender.mlmodel */ = {isa = PBXFileReference; lastKnownFileType = file.mlmodel; path = MovieLensRecommender.mlmodel; sourceTree = "<group>"; };
		01C081D026AB0AED00AE84CE /* Recommender.swift */ = {isa = PBXFileReference; lastKnownFileType = sourcecode.swift; path = Recommender.swift; sourceTree = "<group>"; };
		01DF67C526A6756800A274AD /* MovieAPI */ = {isa = PBXFileReference; explicitFileType = "compiled.mach-o.executable"; includeInIndex = 0; path = MovieAPI; sourceTree = BUILT_PRODUCTS_DIR; };
		01DF67C826A6756800A274AD /* main.swift */ = {isa = PBXFileReference; lastKnownFileType = sourcecode.swift; path = main.swift; sourceTree = "<group>"; };
		01DF67CF26A6757400A274AD /* Db2Handler.swift */ = {isa = PBXFileReference; lastKnownFileType = sourcecode.swift; path = Db2Handler.swift; sourceTree = "<group>"; };
		01DF67D126A6761B00A274AD /* SSLTrustingURLSession.swift */ = {isa = PBXFileReference; lastKnownFileType = sourcecode.swift; path = SSLTrustingURLSession.swift; sourceTree = "<group>"; };
		01DF67D326A6770E00A274AD /* Tables.swift */ = {isa = PBXFileReference; lastKnownFileType = sourcecode.swift; path = Tables.swift; sourceTree = "<group>"; };
		01DF67D526A6800600A274AD /* RoutesBuilder+Async.swift */ = {isa = PBXFileReference; lastKnownFileType = sourcecode.swift; path = "RoutesBuilder+Async.swift"; sourceTree = "<group>"; };
		01DF67DA26A6827100A274AD /* MovieContent.swift */ = {isa = PBXFileReference; lastKnownFileType = sourcecode.swift; path = MovieContent.swift; sourceTree = "<group>"; };
		01DF67DC26A6864A00A274AD /* ValueReference.swift */ = {isa = PBXFileReference; lastKnownFileType = sourcecode.swift; path = ValueReference.swift; sourceTree = "<group>"; };
		01DF67DE26A6865B00A274AD /* WebSocket+Async.swift */ = {isa = PBXFileReference; lastKnownFileType = sourcecode.swift; path = "WebSocket+Async.swift"; sourceTree = "<group>"; };
/* End PBXFileReference section */

/* Begin PBXFrameworksBuildPhase section */
		01DF67C226A6756800A274AD /* Frameworks */ = {
			isa = PBXFrameworksBuildPhase;
			buildActionMask = 2147483647;
			files = (
				01DF67D926A6805C00A274AD /* Vapor in Frameworks */,
			);
			runOnlyForDeploymentPostprocessing = 0;
		};
/* End PBXFrameworksBuildPhase section */

/* Begin PBXGroup section */
		01DF67BC26A6756800A274AD = {
			isa = PBXGroup;
			children = (
				01DF67C726A6756800A274AD /* MovieAPI */,
				01DF67C626A6756800A274AD /* Products */,
			);
			sourceTree = "<group>";
		};
		01DF67C626A6756800A274AD /* Products */ = {
			isa = PBXGroup;
			children = (
				01DF67C526A6756800A274AD /* MovieAPI */,
			);
			name = Products;
			sourceTree = "<group>";
		};
		01DF67C726A6756800A274AD /* MovieAPI */ = {
			isa = PBXGroup;
			children = (
				01C081CE26AB090600AE84CE /* MovieLensRecommender.mlmodel */,
				01DF67DC26A6864A00A274AD /* ValueReference.swift */,
				01DF67D526A6800600A274AD /* RoutesBuilder+Async.swift */,
				01DF67DE26A6865B00A274AD /* WebSocket+Async.swift */,
				01DF67D126A6761B00A274AD /* SSLTrustingURLSession.swift */,
				01DF67CF26A6757400A274AD /* Db2Handler.swift */,
				01DF67D326A6770E00A274AD /* Tables.swift */,
				01DF67DA26A6827100A274AD /* MovieContent.swift */,
				01C081D026AB0AED00AE84CE /* Recommender.swift */,
				01DF67C826A6756800A274AD /* main.swift */,
			);
			path = MovieAPI;
			sourceTree = "<group>";
		};
/* End PBXGroup section */

/* Begin PBXNativeTarget section */
		01DF67C426A6756800A274AD /* MovieAPI */ = {
			isa = PBXNativeTarget;
			buildConfigurationList = 01DF67CC26A6756800A274AD /* Build configuration list for PBXNativeTarget "MovieAPI" */;
			buildPhases = (
				01DF67C126A6756800A274AD /* Sources */,
				01DF67C226A6756800A274AD /* Frameworks */,
				01DF67C326A6756800A274AD /* CopyFiles */,
			);
			buildRules = (
			);
			dependencies = (
			);
			name = MovieAPI;
			packageProductDependencies = (
				01DF67D826A6805C00A274AD /* Vapor */,
			);
			productName = MovieAPI;
			productReference = 01DF67C526A6756800A274AD /* MovieAPI */;
			productType = "com.apple.product-type.tool";
		};
/* End PBXNativeTarget section */

/* Begin PBXProject section */
		01DF67BD26A6756800A274AD /* Project object */ = {
			isa = PBXProject;
			attributes = {
				BuildIndependentTargetsInParallel = 1;
				LastSwiftUpdateCheck = 1300;
				LastUpgradeCheck = 1300;
				TargetAttributes = {
					01DF67C426A6756800A274AD = {
						CreatedOnToolsVersion = 13.0;
					};
				};
			};
			buildConfigurationList = 01DF67C026A6756800A274AD /* Build configuration list for PBXProject "MovieAPI" */;
			compatibilityVersion = "Xcode 13.0";
			developmentRegion = en;
			hasScannedForEncodings = 0;
			knownRegions = (
				en,
				Base,
			);
			mainGroup = 01DF67BC26A6756800A274AD;
			packageReferences = (
				01DF67D726A6805C00A274AD /* XCRemoteSwiftPackageReference "vapor" */,
			);
			productRefGroup = 01DF67C626A6756800A274AD /* Products */;
			projectDirPath = "";
			projectRoot = "";
			targets = (
				01DF67C426A6756800A274AD /* MovieAPI */,
			);
		};
/* End PBXProject section */

/* Begin PBXSourcesBuildPhase section */
		01DF67C126A6756800A274AD /* Sources */ = {
			isa = PBXSourcesBuildPhase;
			buildActionMask = 2147483647;
			files = (
				01DF67DF26A6865B00A274AD /* WebSocket+Async.swift in Sources */,
				01DF67D226A6761B00A274AD /* SSLTrustingURLSession.swift in Sources */,
				01C081CF26AB090600AE84CE /* MovieLensRecommender.mlmodel in Sources */,
				01C081D126AB0AED00AE84CE /* Recommender.swift in Sources */,
				01DF67D626A6800600A274AD /* RoutesBuilder+Async.swift in Sources */,
				01DF67DB26A6827100A274AD /* MovieContent.swift in Sources */,
				01DF67C926A6756800A274AD /* main.swift in Sources */,
				01DF67D426A6770E00A274AD /* Tables.swift in Sources */,
				01DF67D026A6757400A274AD /* Db2Handler.swift in Sources */,
				01DF67DD26A6864A00A274AD /* ValueReference.swift in Sources */,
			);
			runOnlyForDeploymentPostprocessing = 0;
		};
/* End PBXSourcesBuildPhase section */

/* Begin XCBuildConfiguration section */
		01DF67CA26A6756800A274AD /* Debug */ = {
			isa = XCBuildConfiguration;
			buildSettings = {
				ALWAYS_SEARCH_USER_PATHS = NO;
				CLANG_ANALYZER_NONNULL = YES;
				CLANG_ANALYZER_NUMBER_OBJECT_CONVERSION = YES_AGGRESSIVE;
				CLANG_CXX_LANGUAGE_STANDARD = "gnu++17";
				CLANG_CXX_LIBRARY = "libc++";
				CLANG_ENABLE_MODULES = YES;
				CLANG_ENABLE_OBJC_ARC = YES;
				CLANG_ENABLE_OBJC_WEAK = YES;
				CLANG_WARN_BLOCK_CAPTURE_AUTORELEASING = YES;
				CLANG_WARN_BOOL_CONVERSION = YES;
				CLANG_WARN_COMMA = YES;
				CLANG_WARN_CONSTANT_CONVERSION = YES;
				CLANG_WARN_DEPRECATED_OBJC_IMPLEMENTATIONS = YES;
				CLANG_WARN_DIRECT_OBJC_ISA_USAGE = YES_ERROR;
				CLANG_WARN_DOCUMENTATION_COMMENTS = YES;
				CLANG_WARN_EMPTY_BODY = YES;
				CLANG_WARN_ENUM_CONVERSION = YES;
				CLANG_WARN_INFINITE_RECURSION = YES;
				CLANG_WARN_INT_CONVERSION = YES;
				CLANG_WARN_NON_LITERAL_NULL_CONVERSION = YES;
				CLANG_WARN_OBJC_IMPLICIT_RETAIN_SELF = YES;
				CLANG_WARN_OBJC_LITERAL_CONVERSION = YES;
				CLANG_WARN_OBJC_ROOT_CLASS = YES_ERROR;
				CLANG_WARN_QUOTED_INCLUDE_IN_FRAMEWORK_HEADER = YES;
				CLANG_WARN_RANGE_LOOP_ANALYSIS = YES;
				CLANG_WARN_STRICT_PROTOTYPES = YES;
				CLANG_WARN_SUSPICIOUS_MOVE = YES;
				CLANG_WARN_UNGUARDED_AVAILABILITY = YES_AGGRESSIVE;
				CLANG_WARN_UNREACHABLE_CODE = YES;
				CLANG_WARN__DUPLICATE_METHOD_MATCH = YES;
				COPY_PHASE_STRIP = NO;
				DEBUG_INFORMATION_FORMAT = dwarf;
				ENABLE_STRICT_OBJC_MSGSEND = YES;
				ENABLE_TESTABILITY = YES;
				GCC_C_LANGUAGE_STANDARD = gnu11;
				GCC_DYNAMIC_NO_PIC = NO;
				GCC_NO_COMMON_BLOCKS = YES;
				GCC_OPTIMIZATION_LEVEL = 0;
				GCC_PREPROCESSOR_DEFINITIONS = (
					"DEBUG=1",
					"$(inherited)",
				);
				GCC_WARN_64_TO_32_BIT_CONVERSION = YES;
				GCC_WARN_ABOUT_RETURN_TYPE = YES_ERROR;
				GCC_WARN_UNDECLARED_SELECTOR = YES;
				GCC_WARN_UNINITIALIZED_AUTOS = YES_AGGRESSIVE;
				GCC_WARN_UNUSED_FUNCTION = YES;
				GCC_WARN_UNUSED_VARIABLE = YES;
				MACOSX_DEPLOYMENT_TARGET = 12.0;
				MTL_ENABLE_DEBUG_INFO = INCLUDE_SOURCE;
				MTL_FAST_MATH = YES;
				ONLY_ACTIVE_ARCH = YES;
				SDKROOT = macosx;
				SWIFT_ACTIVE_COMPILATION_CONDITIONS = DEBUG;
				SWIFT_OPTIMIZATION_LEVEL = "-Onone";
			};
			name = Debug;
		};
		01DF67CB26A6756800A274AD /* Release */ = {
			isa = XCBuildConfiguration;
			buildSettings = {
				ALWAYS_SEARCH_USER_PATHS = NO;
				CLANG_ANALYZER_NONNULL = YES;
				CLANG_ANALYZER_NUMBER_OBJECT_CONVERSION = YES_AGGRESSIVE;
				CLANG_CXX_LANGUAGE_STANDARD = "gnu++17";
				CLANG_CXX_LIBRARY = "libc++";
				CLANG_ENABLE_MODULES = YES;
				CLANG_ENABLE_OBJC_ARC = YES;
				CLANG_ENABLE_OBJC_WEAK = YES;
				CLANG_WARN_BLOCK_CAPTURE_AUTORELEASING = YES;
				CLANG_WARN_BOOL_CONVERSION = YES;
				CLANG_WARN_COMMA = YES;
				CLANG_WARN_CONSTANT_CONVERSION = YES;
				CLANG_WARN_DEPRECATED_OBJC_IMPLEMENTATIONS = YES;
				CLANG_WARN_DIRECT_OBJC_ISA_USAGE = YES_ERROR;
				CLANG_WARN_DOCUMENTATION_COMMENTS = YES;
				CLANG_WARN_EMPTY_BODY = YES;
				CLANG_WARN_ENUM_CONVERSION = YES;
				CLANG_WARN_INFINITE_RECURSION = YES;
				CLANG_WARN_INT_CONVERSION = YES;
				CLANG_WARN_NON_LITERAL_NULL_CONVERSION = YES;
				CLANG_WARN_OBJC_IMPLICIT_RETAIN_SELF = YES;
				CLANG_WARN_OBJC_LITERAL_CONVERSION = YES;
				CLANG_WARN_OBJC_ROOT_CLASS = YES_ERROR;
				CLANG_WARN_QUOTED_INCLUDE_IN_FRAMEWORK_HEADER = YES;
				CLANG_WARN_RANGE_LOOP_ANALYSIS = YES;
				CLANG_WARN_STRICT_PROTOTYPES = YES;
				CLANG_WARN_SUSPICIOUS_MOVE = YES;
				CLANG_WARN_UNGUARDED_AVAILABILITY = YES_AGGRESSIVE;
				CLANG_WARN_UNREACHABLE_CODE = YES;
				CLANG_WARN__DUPLICATE_METHOD_MATCH = YES;
				COPY_PHASE_STRIP = NO;
				DEBUG_INFORMATION_FORMAT = "dwarf-with-dsym";
				ENABLE_NS_ASSERTIONS = NO;
				ENABLE_STRICT_OBJC_MSGSEND = YES;
				GCC_C_LANGUAGE_STANDARD = gnu11;
				GCC_NO_COMMON_BLOCKS = YES;
				GCC_WARN_64_TO_32_BIT_CONVERSION = YES;
				GCC_WARN_ABOUT_RETURN_TYPE = YES_ERROR;
				GCC_WARN_UNDECLARED_SELECTOR = YES;
				GCC_WARN_UNINITIALIZED_AUTOS = YES_AGGRESSIVE;
				GCC_WARN_UNUSED_FUNCTION = YES;
				GCC_WARN_UNUSED_VARIABLE = YES;
				MACOSX_DEPLOYMENT_TARGET = 12.0;
				MTL_ENABLE_DEBUG_INFO = NO;
				MTL_FAST_MATH = YES;
				SDKROOT = macosx;
				SWIFT_COMPILATION_MODE = wholemodule;
				SWIFT_OPTIMIZATION_LEVEL = "-O";
			};
			name = Release;
		};
		01DF67CD26A6756800A274AD /* Debug */ = {
			isa = XCBuildConfiguration;
			buildSettings = {
				CODE_SIGN_STYLE = Automatic;
				DEVELOPMENT_TEAM = 998XWVFVMR;
				ENABLE_HARDENED_RUNTIME = YES;
				PRODUCT_NAME = "$(TARGET_NAME)";
				SWIFT_VERSION = 5.0;
			};
			name = Debug;
		};
		01DF67CE26A6756800A274AD /* Release */ = {
			isa = XCBuildConfiguration;
			buildSettings = {
				CODE_SIGN_STYLE = Automatic;
				DEVELOPMENT_TEAM = 998XWVFVMR;
				ENABLE_HARDENED_RUNTIME = YES;
				PRODUCT_NAME = "$(TARGET_NAME)";
				SWIFT_VERSION = 5.0;
			};
			name = Release;
		};
/* End XCBuildConfiguration section */

/* Begin XCConfigurationList section */
		01DF67C026A6756800A274AD /* Build configuration list for PBXProject "MovieAPI" */ = {
			isa = XCConfigurationList;
			buildConfigurations = (
				01DF67CA26A6756800A274AD /* Debug */,
				01DF67CB26A6756800A274AD /* Release */,
			);
			defaultConfigurationIsVisible = 0;
			defaultConfigurationName = Release;
		};
		01DF67CC26A6756800A274AD /* Build configuration list for PBXNativeTarget "MovieAPI" */ = {
			isa = XCConfigurationList;
			buildConfigurations = (
				01DF67CD26A6756800A274AD /* Debug */,
				01DF67CE26A6756800A274AD /* Release */,
			);
			defaultConfigurationIsVisible = 0;
			defaultConfigurationName = Release;
		};
/* End XCConfigurationList section */

/* Begin XCRemoteSwiftPackageReference section */
		01DF67D726A6805C00A274AD /* XCRemoteSwiftPackageReference "vapor" */ = {
			isa = XCRemoteSwiftPackageReference;
			repositoryURL = "https://github.com/vapor/vapor.git";
			requirement = {
				kind = upToNextMajorVersion;
				minimumVersion = 4.0.0;
			};
		};
/* End XCRemoteSwiftPackageReference section */

/* Begin XCSwiftPackageProductDependency section */
		01DF67D826A6805C00A274AD /* Vapor */ = {
			isa = XCSwiftPackageProductDependency;
			package = 01DF67D726A6805C00A274AD /* XCRemoteSwiftPackageReference "vapor" */;
			productName = Vapor;
		};
/* End XCSwiftPackageProductDependency section */
	};
	rootObject = 01DF67BD26A6756800A274AD /* Project object */;
}
